// !$*UTF8*$!
{
	archiveVersion = 1;
	classes = {
	};
	objectVersion = 77;
	objects = {

/* Begin PBXContainerItemProxy section */
		7DE724AE2CDCE47A00E45E35 /* PBXContainerItemProxy */ = {
			isa = PBXContainerItemProxy;
			containerPortal = 7DE724942CDCE47900E45E35 /* Project object */;
			proxyType = 1;
			remoteGlobalIDString = 7DE7249B2CDCE47900E45E35;
			remoteInfo = "swiftui-frontend";
		};
		7DE724B82CDCE47B00E45E35 /* PBXContainerItemProxy */ = {
			isa = PBXContainerItemProxy;
			containerPortal = 7DE724942CDCE47900E45E35 /* Project object */;
			proxyType = 1;
			remoteGlobalIDString = 7DE7249B2CDCE47900E45E35;
			remoteInfo = "swiftui-frontend";
		};
/* End PBXContainerItemProxy section */

/* Begin PBXFileReference section */
		7DE7249C2CDCE47900E45E35 /* swiftui-frontend.app */ = {isa = PBXFileReference; explicitFileType = wrapper.application; includeInIndex = 0; path = "swiftui-frontend.app"; sourceTree = BUILT_PRODUCTS_DIR; };
		7DE724AD2CDCE47A00E45E35 /* swiftui-frontendTests.xctest */ = {isa = PBXFileReference; explicitFileType = wrapper.cfbundle; includeInIndex = 0; path = "swiftui-frontendTests.xctest"; sourceTree = BUILT_PRODUCTS_DIR; };
		7DE724B72CDCE47B00E45E35 /* swiftui-frontendUITests.xctest */ = {isa = PBXFileReference; explicitFileType = wrapper.cfbundle; includeInIndex = 0; path = "swiftui-frontendUITests.xctest"; sourceTree = BUILT_PRODUCTS_DIR; };
/* End PBXFileReference section */

/* Begin PBXFileSystemSynchronizedBuildFileExceptionSet section */
		7DE725352CDEBF9000E45E35 /* Exceptions for "swiftui-frontend" folder in "swiftui-frontend" target */ = {
			isa = PBXFileSystemSynchronizedBuildFileExceptionSet;
			membershipExceptions = (
				Info.plist,
			);
			target = 7DE7249B2CDCE47900E45E35 /* swiftui-frontend */;
		};
/* End PBXFileSystemSynchronizedBuildFileExceptionSet section */

/* Begin PBXFileSystemSynchronizedRootGroup section */
		7DE7249E2CDCE47900E45E35 /* swiftui-frontend */ = {
			isa = PBXFileSystemSynchronizedRootGroup;
			exceptions = (
				7DE725352CDEBF9000E45E35 /* Exceptions for "swiftui-frontend" folder in "swiftui-frontend" target */,
			);
			path = "swiftui-frontend";
			sourceTree = "<group>";
		};
		7DE724B02CDCE47A00E45E35 /* swiftui-frontendTests */ = {
			isa = PBXFileSystemSynchronizedRootGroup;
			path = "swiftui-frontendTests";
			sourceTree = "<group>";
		};
		7DE724BA2CDCE47B00E45E35 /* swiftui-frontendUITests */ = {
			isa = PBXFileSystemSynchronizedRootGroup;
			path = "swiftui-frontendUITests";
			sourceTree = "<group>";
		};
/* End PBXFileSystemSynchronizedRootGroup section */

/* Begin PBXFrameworksBuildPhase section */
		7DE724992CDCE47900E45E35 /* Frameworks */ = {
			isa = PBXFrameworksBuildPhase;
			buildActionMask = 2147483647;
			files = (
			);
			runOnlyForDeploymentPostprocessing = 0;
		};
		7DE724AA2CDCE47A00E45E35 /* Frameworks */ = {
			isa = PBXFrameworksBuildPhase;
			buildActionMask = 2147483647;
			files = (
			);
			runOnlyForDeploymentPostprocessing = 0;
		};
		7DE724B42CDCE47B00E45E35 /* Frameworks */ = {
			isa = PBXFrameworksBuildPhase;
			buildActionMask = 2147483647;
			files = (
			);
			runOnlyForDeploymentPostprocessing = 0;
		};
/* End PBXFrameworksBuildPhase section */

/* Begin PBXGroup section */
		7DE724932CDCE47900E45E35 = {
			isa = PBXGroup;
			children = (
				7DE7249E2CDCE47900E45E35 /* swiftui-frontend */,
				7DE724B02CDCE47A00E45E35 /* swiftui-frontendTests */,
				7DE724BA2CDCE47B00E45E35 /* swiftui-frontendUITests */,
				7DE7249D2CDCE47900E45E35 /* Products */,
			);
			sourceTree = "<group>";
		};
		7DE7249D2CDCE47900E45E35 /* Products */ = {
			isa = PBXGroup;
			children = (
				7DE7249C2CDCE47900E45E35 /* swiftui-frontend.app */,
				7DE724AD2CDCE47A00E45E35 /* swiftui-frontendTests.xctest */,
				7DE724B72CDCE47B00E45E35 /* swiftui-frontendUITests.xctest */,
			);
			name = Products;
			sourceTree = "<group>";
		};
/* End PBXGroup section */

/* Begin PBXNativeTarget section */
		7DE7249B2CDCE47900E45E35 /* swiftui-frontend */ = {
			isa = PBXNativeTarget;
			buildConfigurationList = 7DE724C12CDCE47B00E45E35 /* Build configuration list for PBXNativeTarget "swiftui-frontend" */;
			buildPhases = (
				7DE724982CDCE47900E45E35 /* Sources */,
				7DE724992CDCE47900E45E35 /* Frameworks */,
				7DE7249A2CDCE47900E45E35 /* Resources */,
			);
			buildRules = (
			);
			dependencies = (
			);
			fileSystemSynchronizedGroups = (
				7DE7249E2CDCE47900E45E35 /* swiftui-frontend */,
			);
			name = "swiftui-frontend";
			packageProductDependencies = (
			);
			productName = "swiftui-frontend";
			productReference = 7DE7249C2CDCE47900E45E35 /* swiftui-frontend.app */;
			productType = "com.apple.product-type.application";
		};
		7DE724AC2CDCE47A00E45E35 /* swiftui-frontendTests */ = {
			isa = PBXNativeTarget;
			buildConfigurationList = 7DE724C42CDCE47B00E45E35 /* Build configuration list for PBXNativeTarget "swiftui-frontendTests" */;
			buildPhases = (
				7DE724A92CDCE47A00E45E35 /* Sources */,
				7DE724AA2CDCE47A00E45E35 /* Frameworks */,
				7DE724AB2CDCE47A00E45E35 /* Resources */,
			);
			buildRules = (
			);
			dependencies = (
				7DE724AF2CDCE47A00E45E35 /* PBXTargetDependency */,
			);
			fileSystemSynchronizedGroups = (
				7DE724B02CDCE47A00E45E35 /* swiftui-frontendTests */,
			);
			name = "swiftui-frontendTests";
			packageProductDependencies = (
			);
			productName = "swiftui-frontendTests";
			productReference = 7DE724AD2CDCE47A00E45E35 /* swiftui-frontendTests.xctest */;
			productType = "com.apple.product-type.bundle.unit-test";
		};
		7DE724B62CDCE47B00E45E35 /* swiftui-frontendUITests */ = {
			isa = PBXNativeTarget;
			buildConfigurationList = 7DE724C72CDCE47B00E45E35 /* Build configuration list for PBXNativeTarget "swiftui-frontendUITests" */;
			buildPhases = (
				7DE724B32CDCE47B00E45E35 /* Sources */,
				7DE724B42CDCE47B00E45E35 /* Frameworks */,
				7DE724B52CDCE47B00E45E35 /* Resources */,
			);
			buildRules = (
			);
			dependencies = (
				7DE724B92CDCE47B00E45E35 /* PBXTargetDependency */,
			);
			fileSystemSynchronizedGroups = (
				7DE724BA2CDCE47B00E45E35 /* swiftui-frontendUITests */,
			);
			name = "swiftui-frontendUITests";
			packageProductDependencies = (
			);
			productName = "swiftui-frontendUITests";
			productReference = 7DE724B72CDCE47B00E45E35 /* swiftui-frontendUITests.xctest */;
			productType = "com.apple.product-type.bundle.ui-testing";
		};
/* End PBXNativeTarget section */

/* Begin PBXProject section */
		7DE724942CDCE47900E45E35 /* Project object */ = {
			isa = PBXProject;
			attributes = {
				BuildIndependentTargetsInParallel = 1;
				LastSwiftUpdateCheck = 1610;
				LastUpgradeCheck = 1610;
				TargetAttributes = {
					7DE7249B2CDCE47900E45E35 = {
						CreatedOnToolsVersion = 16.1;
					};
					7DE724AC2CDCE47A00E45E35 = {
						CreatedOnToolsVersion = 16.1;
						TestTargetID = 7DE7249B2CDCE47900E45E35;
					};
					7DE724B62CDCE47B00E45E35 = {
						CreatedOnToolsVersion = 16.1;
						TestTargetID = 7DE7249B2CDCE47900E45E35;
					};
				};
			};
			buildConfigurationList = 7DE724972CDCE47900E45E35 /* Build configuration list for PBXProject "swiftui-frontend" */;
			developmentRegion = en;
			hasScannedForEncodings = 0;
			knownRegions = (
				en,
				Base,
			);
			mainGroup = 7DE724932CDCE47900E45E35;
			minimizedProjectReferenceProxies = 1;
			preferredProjectObjectVersion = 77;
			productRefGroup = 7DE7249D2CDCE47900E45E35 /* Products */;
			projectDirPath = "";
			projectRoot = "";
			targets = (
				7DE7249B2CDCE47900E45E35 /* swiftui-frontend */,
				7DE724AC2CDCE47A00E45E35 /* swiftui-frontendTests */,
				7DE724B62CDCE47B00E45E35 /* swiftui-frontendUITests */,
			);
		};
/* End PBXProject section */

/* Begin PBXResourcesBuildPhase section */
		7DE7249A2CDCE47900E45E35 /* Resources */ = {
			isa = PBXResourcesBuildPhase;
			buildActionMask = 2147483647;
			files = (
			);
			runOnlyForDeploymentPostprocessing = 0;
		};
		7DE724AB2CDCE47A00E45E35 /* Resources */ = {
			isa = PBXResourcesBuildPhase;
			buildActionMask = 2147483647;
			files = (
			);
			runOnlyForDeploymentPostprocessing = 0;
		};
		7DE724B52CDCE47B00E45E35 /* Resources */ = {
			isa = PBXResourcesBuildPhase;
			buildActionMask = 2147483647;
			files = (
			);
			runOnlyForDeploymentPostprocessing = 0;
		};
/* End PBXResourcesBuildPhase section */

/* Begin PBXSourcesBuildPhase section */
		7DE724982CDCE47900E45E35 /* Sources */ = {
			isa = PBXSourcesBuildPhase;
			buildActionMask = 2147483647;
			files = (
			);
			runOnlyForDeploymentPostprocessing = 0;
		};
		7DE724A92CDCE47A00E45E35 /* Sources */ = {
			isa = PBXSourcesBuildPhase;
			buildActionMask = 2147483647;
			files = (
			);
			runOnlyForDeploymentPostprocessing = 0;
		};
		7DE724B32CDCE47B00E45E35 /* Sources */ = {
			isa = PBXSourcesBuildPhase;
			buildActionMask = 2147483647;
			files = (
			);
			runOnlyForDeploymentPostprocessing = 0;
		};
/* End PBXSourcesBuildPhase section */

/* Begin PBXTargetDependency section */
		7DE724AF2CDCE47A00E45E35 /* PBXTargetDependency */ = {
			isa = PBXTargetDependency;
			target = 7DE7249B2CDCE47900E45E35 /* swiftui-frontend */;
			targetProxy = 7DE724AE2CDCE47A00E45E35 /* PBXContainerItemProxy */;
		};
		7DE724B92CDCE47B00E45E35 /* PBXTargetDependency */ = {
			isa = PBXTargetDependency;
			target = 7DE7249B2CDCE47900E45E35 /* swiftui-frontend */;
			targetProxy = 7DE724B82CDCE47B00E45E35 /* PBXContainerItemProxy */;
		};
/* End PBXTargetDependency section */

/* Begin XCBuildConfiguration section */
		7DE724BF2CDCE47B00E45E35 /* Debug */ = {
			isa = XCBuildConfiguration;
			buildSettings = {
				ALWAYS_SEARCH_USER_PATHS = NO;
				ASSETCATALOG_COMPILER_GENERATE_SWIFT_ASSET_SYMBOL_EXTENSIONS = YES;
				CLANG_ANALYZER_NONNULL = YES;
				CLANG_ANALYZER_NUMBER_OBJECT_CONVERSION = YES_AGGRESSIVE;
				CLANG_CXX_LANGUAGE_STANDARD = "gnu++20";
				CLANG_ENABLE_MODULES = YES;
				CLANG_ENABLE_OBJC_ARC = YES;
				CLANG_ENABLE_OBJC_WEAK = YES;
				CLANG_WARN_BLOCK_CAPTURE_AUTORELEASING = YES;
				CLANG_WARN_BOOL_CONVERSION = YES;
				CLANG_WARN_COMMA = YES;
				CLANG_WARN_CONSTANT_CONVERSION = YES;
				CLANG_WARN_DEPRECATED_OBJC_IMPLEMENTATIONS = YES;
				CLANG_WARN_DIRECT_OBJC_ISA_USAGE = YES_ERROR;
				CLANG_WARN_DOCUMENTATION_COMMENTS = YES;
				CLANG_WARN_EMPTY_BODY = YES;
				CLANG_WARN_ENUM_CONVERSION = YES;
				CLANG_WARN_INFINITE_RECURSION = YES;
				CLANG_WARN_INT_CONVERSION = YES;
				CLANG_WARN_NON_LITERAL_NULL_CONVERSION = YES;
				CLANG_WARN_OBJC_IMPLICIT_RETAIN_SELF = YES;
				CLANG_WARN_OBJC_LITERAL_CONVERSION = YES;
				CLANG_WARN_OBJC_ROOT_CLASS = YES_ERROR;
				CLANG_WARN_QUOTED_INCLUDE_IN_FRAMEWORK_HEADER = YES;
				CLANG_WARN_RANGE_LOOP_ANALYSIS = YES;
				CLANG_WARN_STRICT_PROTOTYPES = YES;
				CLANG_WARN_SUSPICIOUS_MOVE = YES;
				CLANG_WARN_UNGUARDED_AVAILABILITY = YES_AGGRESSIVE;
				CLANG_WARN_UNREACHABLE_CODE = YES;
				CLANG_WARN__DUPLICATE_METHOD_MATCH = YES;
				COPY_PHASE_STRIP = NO;
				DEBUG_INFORMATION_FORMAT = dwarf;
				ENABLE_STRICT_OBJC_MSGSEND = YES;
				ENABLE_TESTABILITY = YES;
				ENABLE_USER_SCRIPT_SANDBOXING = YES;
				GCC_C_LANGUAGE_STANDARD = gnu17;
				GCC_DYNAMIC_NO_PIC = NO;
				GCC_NO_COMMON_BLOCKS = YES;
				GCC_OPTIMIZATION_LEVEL = 0;
				GCC_PREPROCESSOR_DEFINITIONS = (
					"DEBUG=1",
					"$(inherited)",
				);
				GCC_WARN_64_TO_32_BIT_CONVERSION = YES;
				GCC_WARN_ABOUT_RETURN_TYPE = YES_ERROR;
				GCC_WARN_UNDECLARED_SELECTOR = YES;
				GCC_WARN_UNINITIALIZED_AUTOS = YES_AGGRESSIVE;
				GCC_WARN_UNUSED_FUNCTION = YES;
				GCC_WARN_UNUSED_VARIABLE = YES;
				LOCALIZATION_PREFERS_STRING_CATALOGS = YES;
				MACOSX_DEPLOYMENT_TARGET = 15.1;
				MTL_ENABLE_DEBUG_INFO = INCLUDE_SOURCE;
				MTL_FAST_MATH = YES;
				ONLY_ACTIVE_ARCH = YES;
				SDKROOT = macosx;
				SWIFT_ACTIVE_COMPILATION_CONDITIONS = "DEBUG $(inherited)";
				SWIFT_OPTIMIZATION_LEVEL = "-Onone";
			};
			name = Debug;
		};
		7DE724C02CDCE47B00E45E35 /* Release */ = {
			isa = XCBuildConfiguration;
			buildSettings = {
				ALWAYS_SEARCH_USER_PATHS = NO;
				ASSETCATALOG_COMPILER_GENERATE_SWIFT_ASSET_SYMBOL_EXTENSIONS = YES;
				CLANG_ANALYZER_NONNULL = YES;
				CLANG_ANALYZER_NUMBER_OBJECT_CONVERSION = YES_AGGRESSIVE;
				CLANG_CXX_LANGUAGE_STANDARD = "gnu++20";
				CLANG_ENABLE_MODULES = YES;
				CLANG_ENABLE_OBJC_ARC = YES;
				CLANG_ENABLE_OBJC_WEAK = YES;
				CLANG_WARN_BLOCK_CAPTURE_AUTORELEASING = YES;
				CLANG_WARN_BOOL_CONVERSION = YES;
				CLANG_WARN_COMMA = YES;
				CLANG_WARN_CONSTANT_CONVERSION = YES;
				CLANG_WARN_DEPRECATED_OBJC_IMPLEMENTATIONS = YES;
				CLANG_WARN_DIRECT_OBJC_ISA_USAGE = YES_ERROR;
				CLANG_WARN_DOCUMENTATION_COMMENTS = YES;
				CLANG_WARN_EMPTY_BODY = YES;
				CLANG_WARN_ENUM_CONVERSION = YES;
				CLANG_WARN_INFINITE_RECURSION = YES;
				CLANG_WARN_INT_CONVERSION = YES;
				CLANG_WARN_NON_LITERAL_NULL_CONVERSION = YES;
				CLANG_WARN_OBJC_IMPLICIT_RETAIN_SELF = YES;
				CLANG_WARN_OBJC_LITERAL_CONVERSION = YES;
				CLANG_WARN_OBJC_ROOT_CLASS = YES_ERROR;
				CLANG_WARN_QUOTED_INCLUDE_IN_FRAMEWORK_HEADER = YES;
				CLANG_WARN_RANGE_LOOP_ANALYSIS = YES;
				CLANG_WARN_STRICT_PROTOTYPES = YES;
				CLANG_WARN_SUSPICIOUS_MOVE = YES;
				CLANG_WARN_UNGUARDED_AVAILABILITY = YES_AGGRESSIVE;
				CLANG_WARN_UNREACHABLE_CODE = YES;
				CLANG_WARN__DUPLICATE_METHOD_MATCH = YES;
				COPY_PHASE_STRIP = NO;
				DEBUG_INFORMATION_FORMAT = "dwarf-with-dsym";
				ENABLE_NS_ASSERTIONS = NO;
				ENABLE_STRICT_OBJC_MSGSEND = YES;
				ENABLE_USER_SCRIPT_SANDBOXING = YES;
				GCC_C_LANGUAGE_STANDARD = gnu17;
				GCC_NO_COMMON_BLOCKS = YES;
				GCC_WARN_64_TO_32_BIT_CONVERSION = YES;
				GCC_WARN_ABOUT_RETURN_TYPE = YES_ERROR;
				GCC_WARN_UNDECLARED_SELECTOR = YES;
				GCC_WARN_UNINITIALIZED_AUTOS = YES_AGGRESSIVE;
				GCC_WARN_UNUSED_FUNCTION = YES;
				GCC_WARN_UNUSED_VARIABLE = YES;
				LOCALIZATION_PREFERS_STRING_CATALOGS = YES;
				MACOSX_DEPLOYMENT_TARGET = 15.1;
				MTL_ENABLE_DEBUG_INFO = NO;
				MTL_FAST_MATH = YES;
				SDKROOT = macosx;
				SWIFT_COMPILATION_MODE = wholemodule;
			};
			name = Release;
		};
		7DE724C22CDCE47B00E45E35 /* Debug */ = {
			isa = XCBuildConfiguration;
			buildSettings = {
				ASSETCATALOG_COMPILER_APPICON_NAME = AppIcon;
				ASSETCATALOG_COMPILER_GLOBAL_ACCENT_COLOR_NAME = AccentColor;
				CODE_SIGN_ENTITLEMENTS = "swiftui-frontend/swiftui_frontend.entitlements";
				CODE_SIGN_STYLE = Automatic;
				COMBINE_HIDPI_IMAGES = YES;
				CURRENT_PROJECT_VERSION = 1;
				DEVELOPMENT_ASSET_PATHS = "\"swiftui-frontend/Preview Content\"";
				DEVELOPMENT_TEAM = FFJMD6TJ2V;
				ENABLE_PREVIEWS = YES;
				GENERATE_INFOPLIST_FILE = YES;
				INFOPLIST_FILE = "swiftui-frontend/Info.plist";
				INFOPLIST_KEY_LSApplicationCategoryType = "";
				LD_RUNPATH_SEARCH_PATHS = (
					"$(inherited)",
					"@executable_path/../Frameworks",
				);
				MACOSX_DEPLOYMENT_TARGET = 15.0;
				MARKETING_VERSION = 1.0;
				PRODUCT_BUNDLE_IDENTIFIER = "Artur-Sultanov.swiftui-frontend";
				PRODUCT_NAME = "$(TARGET_NAME)";
				SWIFT_EMIT_LOC_STRINGS = YES;
				SWIFT_VERSION = 5.0;
			};
			name = Debug;
		};
		7DE724C32CDCE47B00E45E35 /* Release */ = {
			isa = XCBuildConfiguration;
			buildSettings = {
				ASSETCATALOG_COMPILER_APPICON_NAME = AppIcon;
				ASSETCATALOG_COMPILER_GLOBAL_ACCENT_COLOR_NAME = AccentColor;
				CODE_SIGN_ENTITLEMENTS = "swiftui-frontend/swiftui_frontend.entitlements";
				CODE_SIGN_STYLE = Automatic;
				COMBINE_HIDPI_IMAGES = YES;
				CURRENT_PROJECT_VERSION = 1;
				DEVELOPMENT_ASSET_PATHS = "\"swiftui-frontend/Preview Content\"";
				DEVELOPMENT_TEAM = FFJMD6TJ2V;
				ENABLE_PREVIEWS = YES;
				GENERATE_INFOPLIST_FILE = YES;
				INFOPLIST_FILE = "swiftui-frontend/Info.plist";
				INFOPLIST_KEY_LSApplicationCategoryType = "";
				LD_RUNPATH_SEARCH_PATHS = (
					"$(inherited)",
					"@executable_path/../Frameworks",
				);
				MACOSX_DEPLOYMENT_TARGET = 15.0;
				MARKETING_VERSION = 1.0;
				PRODUCT_BUNDLE_IDENTIFIER = "Artur-Sultanov.swiftui-frontend";
				PRODUCT_NAME = "$(TARGET_NAME)";
				SWIFT_EMIT_LOC_STRINGS = YES;
				SWIFT_VERSION = 5.0;
			};
			name = Release;
		};
		7DE724C52CDCE47B00E45E35 /* Debug */ = {
			isa = XCBuildConfiguration;
			buildSettings = {
				BUNDLE_LOADER = "$(TEST_HOST)";
				CODE_SIGN_STYLE = Automatic;
				CURRENT_PROJECT_VERSION = 1;
				GENERATE_INFOPLIST_FILE = YES;
				MACOSX_DEPLOYMENT_TARGET = 15.1;
				MARKETING_VERSION = 1.0;
				PRODUCT_BUNDLE_IDENTIFIER = "Artur-Sultanov.swiftui-frontendTests";
				PRODUCT_NAME = "$(TARGET_NAME)";
				SWIFT_EMIT_LOC_STRINGS = NO;
				SWIFT_VERSION = 5.0;
				TEST_HOST = "$(BUILT_PRODUCTS_DIR)/swiftui-frontend.app/$(BUNDLE_EXECUTABLE_FOLDER_PATH)/swiftui-frontend";
			};
			name = Debug;
		};
		7DE724C62CDCE47B00E45E35 /* Release */ = {
			isa = XCBuildConfiguration;
			buildSettings = {
				BUNDLE_LOADER = "$(TEST_HOST)";
				CODE_SIGN_STYLE = Automatic;
				CURRENT_PROJECT_VERSION = 1;
				GENERATE_INFOPLIST_FILE = YES;
				MACOSX_DEPLOYMENT_TARGET = 15.1;
				MARKETING_VERSION = 1.0;
				PRODUCT_BUNDLE_IDENTIFIER = "Artur-Sultanov.swiftui-frontendTests";
				PRODUCT_NAME = "$(TARGET_NAME)";
				SWIFT_EMIT_LOC_STRINGS = NO;
				SWIFT_VERSION = 5.0;
				TEST_HOST = "$(BUILT_PRODUCTS_DIR)/swiftui-frontend.app/$(BUNDLE_EXECUTABLE_FOLDER_PATH)/swiftui-frontend";
			};
			name = Release;
		};
		7DE724C82CDCE47B00E45E35 /* Debug */ = {
			isa = XCBuildConfiguration;
			buildSettings = {
				CODE_SIGN_STYLE = Automatic;
				CURRENT_PROJECT_VERSION = 1;
				GENERATE_INFOPLIST_FILE = YES;
				MARKETING_VERSION = 1.0;
				PRODUCT_BUNDLE_IDENTIFIER = "Artur-Sultanov.swiftui-frontendUITests";
				PRODUCT_NAME = "$(TARGET_NAME)";
				SWIFT_EMIT_LOC_STRINGS = NO;
				SWIFT_VERSION = 5.0;
				TEST_TARGET_NAME = "swiftui-frontend";
			};
			name = Debug;
		};
		7DE724C92CDCE47B00E45E35 /* Release */ = {
			isa = XCBuildConfiguration;
			buildSettings = {
				CODE_SIGN_STYLE = Automatic;
				CURRENT_PROJECT_VERSION = 1;
				GENERATE_INFOPLIST_FILE = YES;
				MARKETING_VERSION = 1.0;
				PRODUCT_BUNDLE_IDENTIFIER = "Artur-Sultanov.swiftui-frontendUITests";
				PRODUCT_NAME = "$(TARGET_NAME)";
				SWIFT_EMIT_LOC_STRINGS = NO;
				SWIFT_VERSION = 5.0;
				TEST_TARGET_NAME = "swiftui-frontend";
			};
			name = Release;
		};
/* End XCBuildConfiguration section */

/* Begin XCConfigurationList section */
		7DE724972CDCE47900E45E35 /* Build configuration list for PBXProject "swiftui-frontend" */ = {
			isa = XCConfigurationList;
			buildConfigurations = (
				7DE724BF2CDCE47B00E45E35 /* Debug */,
				7DE724C02CDCE47B00E45E35 /* Release */,
			);
			defaultConfigurationIsVisible = 0;
			defaultConfigurationName = Release;
		};
		7DE724C12CDCE47B00E45E35 /* Build configuration list for PBXNativeTarget "swiftui-frontend" */ = {
			isa = XCConfigurationList;
			buildConfigurations = (
				7DE724C22CDCE47B00E45E35 /* Debug */,
				7DE724C32CDCE47B00E45E35 /* Release */,
			);
			defaultConfigurationIsVisible = 0;
			defaultConfigurationName = Release;
		};
		7DE724C42CDCE47B00E45E35 /* Build configuration list for PBXNativeTarget "swiftui-frontendTests" */ = {
			isa = XCConfigurationList;
			buildConfigurations = (
				7DE724C52CDCE47B00E45E35 /* Debug */,
				7DE724C62CDCE47B00E45E35 /* Release */,
			);
			defaultConfigurationIsVisible = 0;
			defaultConfigurationName = Release;
		};
		7DE724C72CDCE47B00E45E35 /* Build configuration list for PBXNativeTarget "swiftui-frontendUITests" */ = {
			isa = XCConfigurationList;
			buildConfigurations = (
				7DE724C82CDCE47B00E45E35 /* Debug */,
				7DE724C92CDCE47B00E45E35 /* Release */,
			);
			defaultConfigurationIsVisible = 0;
			defaultConfigurationName = Release;
		};
/* End XCConfigurationList section */
	};
	rootObject = 7DE724942CDCE47900E45E35 /* Project object */;
}
